
Microsoft Visual Studio Solution File, Format Version 12.00
# Visual Studio Version 17
VisualStudioVersion = 17.12.35707.178 d17.12
MinimumVisualStudioVersion = 10.0.40219.1
Project("{FAE04EC0-301F-11D3-BF4B-00C04F79EFBC}") = "Week6StringsandArrays", "Week6StringsandArrays\Week6StringsandArrays.csproj", "{CFF2B946-D29E-45F0-B60C-B1390004EB2B}"
EndProject
Project("{FAE04EC0-301F-11D3-BF4B-00C04F79EFBC}") = "Arrays", "Arrays\Arrays.csproj", "{46F5253D-C40D-4724-A559-B94C84E688DD}"
EndProject
Project("{FAE04EC0-301F-11D3-BF4B-00C04F79EFBC}") = "NumberArrays", "NumberArrays\NumberArrays.csproj", "{735C1E93-4153-4282-999F-56792D36A553}"
EndProject
Project("{FAE04EC0-301F-11D3-BF4B-00C04F79EFBC}") = "RandomElement", "RandomElement\RandomElement.csproj", "{2AE3E41E-E3A2-462B-9470-6DADCCD6158F}"
EndProject
Global
	GlobalSection(SolutionConfigurationPlatforms) = preSolution
		Debug|Any CPU = Debug|Any CPU
		Release|Any CPU = Release|Any CPU
	EndGlobalSection
	GlobalSection(ProjectConfigurationPlatforms) = postSolution
		{CFF2B946-D29E-45F0-B60C-B1390004EB2B}.Debug|Any CPU.ActiveCfg = Debug|Any CPU
		{CFF2B946-D29E-45F0-B60C-B1390004EB2B}.Debug|Any CPU.Build.0 = Debug|Any CPU
		{CFF2B946-D29E-45F0-B60C-B1390004EB2B}.Release|Any CPU.ActiveCfg = Release|Any CPU
		{CFF2B946-D29E-45F0-B60C-B1390004EB2B}.Release|Any CPU.Build.0 = Release|Any CPU
		{46F5253D-C40D-4724-A559-B94C84E688DD}.Debug|Any CPU.ActiveCfg = Debug|Any CPU
		{46F5253D-C40D-4724-A559-B94C84E688DD}.Debug|Any CPU.Build.0 = Debug|Any CPU
		{46F5253D-C40D-4724-A559-B94C84E688DD}.Release|Any CPU.ActiveCfg = Release|Any CPU
		{46F5253D-C40D-4724-A559-B94C84E688DD}.Release|Any CPU.Build.0 = Release|Any CPU
		{735C1E93-4153-4282-999F-56792D36A553}.Debug|Any CPU.ActiveCfg = Debug|Any CPU
		{735C1E93-4153-4282-999F-56792D36A553}.Debug|Any CPU.Build.0 = Debug|Any CPU
		{735C1E93-4153-4282-999F-56792D36A553}.Release|Any CPU.ActiveCfg = Release|Any CPU
		{735C1E93-4153-4282-999F-56792D36A553}.Release|Any CPU.Build.0 = Release|Any CPU
		{2AE3E41E-E3A2-462B-9470-6DADCCD6158F}.Debug|Any CPU.ActiveCfg = Debug|Any CPU
		{2AE3E41E-E3A2-462B-9470-6DADCCD6158F}.Debug|Any CPU.Build.0 = Debug|Any CPU
		{2AE3E41E-E3A2-462B-9470-6DADCCD6158F}.Release|Any CPU.ActiveCfg = Release|Any CPU
		{2AE3E41E-E3A2-462B-9470-6DADCCD6158F}.Release|Any CPU.Build.0 = Release|Any CPU
	EndGlobalSection
	GlobalSection(SolutionProperties) = preSolution
		HideSolutionNode = FALSE
	EndGlobalSection
EndGlobal
